// !$*UTF8*$!
{
	archiveVersion = 1;
	classes = {
	};
	objectVersion = 55;
	objects = {

/* Begin PBXBuildFile section */
		4248D67F28C61DF000FDBE4A /* GoogleService-Info.plist in Resources */ = {isa = PBXBuildFile; fileRef = 4248D67E28C61DF000FDBE4A /* GoogleService-Info.plist */; };
		4248D68128C6223D00FDBE4A /* TaskVC.swift in Sources */ = {isa = PBXBuildFile; fileRef = 4248D68028C6223D00FDBE4A /* TaskVC.swift */; };
		424E9CB928BF7088002658BF /* AppDelegate.swift in Sources */ = {isa = PBXBuildFile; fileRef = 424E9CB828BF7088002658BF /* AppDelegate.swift */; };
		424E9CBB28BF7088002658BF /* SceneDelegate.swift in Sources */ = {isa = PBXBuildFile; fileRef = 424E9CBA28BF7088002658BF /* SceneDelegate.swift */; };
		424E9CBD28BF7088002658BF /* LoginVC.swift in Sources */ = {isa = PBXBuildFile; fileRef = 424E9CBC28BF7088002658BF /* LoginVC.swift */; };
		424E9CC028BF7088002658BF /* Main.storyboard in Resources */ = {isa = PBXBuildFile; fileRef = 424E9CBE28BF7088002658BF /* Main.storyboard */; };
		424E9CC228BF7089002658BF /* Assets.xcassets in Resources */ = {isa = PBXBuildFile; fileRef = 424E9CC128BF7089002658BF /* Assets.xcassets */; };
		424E9CC528BF7089002658BF /* LaunchScreen.storyboard in Resources */ = {isa = PBXBuildFile; fileRef = 424E9CC328BF7089002658BF /* LaunchScreen.storyboard */; };
		425B371428C7333300EEA250 /* User.swift in Sources */ = {isa = PBXBuildFile; fileRef = 425B371328C7333300EEA250 /* User.swift */; };
		425B371628C7336100EEA250 /* Tasks.swift in Sources */ = {isa = PBXBuildFile; fileRef = 425B371528C7336100EEA250 /* Tasks.swift */; };
		8E3991359C3B02D0D594D3EC /* Pods_FirebaseApp.framework in Frameworks */ = {isa = PBXBuildFile; fileRef = FF18A49E8C7F438BB643B411 /* Pods_FirebaseApp.framework */; };
/* End PBXBuildFile section */

/* Begin PBXFileReference section */
		4248D67E28C61DF000FDBE4A /* GoogleService-Info.plist */ = {isa = PBXFileReference; fileEncoding = 4; lastKnownFileType = text.plist.xml; path = "GoogleService-Info.plist"; sourceTree = "<group>"; };
		4248D68028C6223D00FDBE4A /* TaskVC.swift */ = {isa = PBXFileReference; lastKnownFileType = sourcecode.swift; path = TaskVC.swift; sourceTree = "<group>"; };
		424E9CB528BF7088002658BF /* FirebaseApp.app */ = {isa = PBXFileReference; explicitFileType = wrapper.application; includeInIndex = 0; path = FirebaseApp.app; sourceTree = BUILT_PRODUCTS_DIR; };
		424E9CB828BF7088002658BF /* AppDelegate.swift */ = {isa = PBXFileReference; lastKnownFileType = sourcecode.swift; path = AppDelegate.swift; sourceTree = "<group>"; };
		424E9CBA28BF7088002658BF /* SceneDelegate.swift */ = {isa = PBXFileReference; lastKnownFileType = sourcecode.swift; path = SceneDelegate.swift; sourceTree = "<group>"; };
		424E9CBC28BF7088002658BF /* LoginVC.swift */ = {isa = PBXFileReference; lastKnownFileType = sourcecode.swift; path = LoginVC.swift; sourceTree = "<group>"; };
		424E9CBF28BF7088002658BF /* Base */ = {isa = PBXFileReference; lastKnownFileType = file.storyboard; name = Base; path = Base.lproj/Main.storyboard; sourceTree = "<group>"; };
		424E9CC128BF7089002658BF /* Assets.xcassets */ = {isa = PBXFileReference; lastKnownFileType = folder.assetcatalog; path = Assets.xcassets; sourceTree = "<group>"; };
		424E9CC428BF7089002658BF /* Base */ = {isa = PBXFileReference; lastKnownFileType = file.storyboard; name = Base; path = Base.lproj/LaunchScreen.storyboard; sourceTree = "<group>"; };
		424E9CC628BF7089002658BF /* Info.plist */ = {isa = PBXFileReference; lastKnownFileType = text.plist.xml; path = Info.plist; sourceTree = "<group>"; };
		425B371328C7333300EEA250 /* User.swift */ = {isa = PBXFileReference; lastKnownFileType = sourcecode.swift; path = User.swift; sourceTree = "<group>"; };
		425B371528C7336100EEA250 /* Tasks.swift */ = {isa = PBXFileReference; lastKnownFileType = sourcecode.swift; path = Tasks.swift; sourceTree = "<group>"; };
		8449BF1DB6A6A7FE36E8161A /* Pods-FirebaseApp.release.xcconfig */ = {isa = PBXFileReference; includeInIndex = 1; lastKnownFileType = text.xcconfig; name = "Pods-FirebaseApp.release.xcconfig"; path = "Target Support Files/Pods-FirebaseApp/Pods-FirebaseApp.release.xcconfig"; sourceTree = "<group>"; };
		D7F9E4E4F8858C4FEE17EB74 /* Pods-FirebaseApp.debug.xcconfig */ = {isa = PBXFileReference; includeInIndex = 1; lastKnownFileType = text.xcconfig; name = "Pods-FirebaseApp.debug.xcconfig"; path = "Target Support Files/Pods-FirebaseApp/Pods-FirebaseApp.debug.xcconfig"; sourceTree = "<group>"; };
		FF18A49E8C7F438BB643B411 /* Pods_FirebaseApp.framework */ = {isa = PBXFileReference; explicitFileType = wrapper.framework; includeInIndex = 0; path = Pods_FirebaseApp.framework; sourceTree = BUILT_PRODUCTS_DIR; };
/* End PBXFileReference section */

/* Begin PBXFrameworksBuildPhase section */
		424E9CB228BF7088002658BF /* Frameworks */ = {
			isa = PBXFrameworksBuildPhase;
			buildActionMask = 2147483647;
			files = (
				8E3991359C3B02D0D594D3EC /* Pods_FirebaseApp.framework in Frameworks */,
			);
			runOnlyForDeploymentPostprocessing = 0;
		};
/* End PBXFrameworksBuildPhase section */

/* Begin PBXGroup section */
		424E9CAC28BF7088002658BF = {
			isa = PBXGroup;
			children = (
				424E9CB728BF7088002658BF /* FirebaseApp */,
				424E9CB628BF7088002658BF /* Products */,
				BCB200CCAC98B5A13333C3A4 /* Pods */,
				646876F0A002EE35A1D094BF /* Frameworks */,
			);
			sourceTree = "<group>";
		};
		424E9CB628BF7088002658BF /* Products */ = {
			isa = PBXGroup;
			children = (
				424E9CB528BF7088002658BF /* FirebaseApp.app */,
			);
			name = Products;
			sourceTree = "<group>";
		};
		424E9CB728BF7088002658BF /* FirebaseApp */ = {
			isa = PBXGroup;
			children = (
				424E9CB828BF7088002658BF /* AppDelegate.swift */,
				424E9CBA28BF7088002658BF /* SceneDelegate.swift */,
				4248D67E28C61DF000FDBE4A /* GoogleService-Info.plist */,
				424E9CBC28BF7088002658BF /* LoginVC.swift */,
				424E9CBE28BF7088002658BF /* Main.storyboard */,
				424E9CC128BF7089002658BF /* Assets.xcassets */,
				424E9CC328BF7089002658BF /* LaunchScreen.storyboard */,
				424E9CC628BF7089002658BF /* Info.plist */,
				4248D68028C6223D00FDBE4A /* TaskVC.swift */,
				425B371328C7333300EEA250 /* User.swift */,
				425B371528C7336100EEA250 /* Tasks.swift */,
			);
			path = FirebaseApp;
			sourceTree = "<group>";
		};
		646876F0A002EE35A1D094BF /* Frameworks */ = {
			isa = PBXGroup;
			children = (
				FF18A49E8C7F438BB643B411 /* Pods_FirebaseApp.framework */,
			);
			name = Frameworks;
			sourceTree = "<group>";
		};
		BCB200CCAC98B5A13333C3A4 /* Pods */ = {
			isa = PBXGroup;
			children = (
				D7F9E4E4F8858C4FEE17EB74 /* Pods-FirebaseApp.debug.xcconfig */,
				8449BF1DB6A6A7FE36E8161A /* Pods-FirebaseApp.release.xcconfig */,
			);
			path = Pods;
			sourceTree = "<group>";
		};
/* End PBXGroup section */

/* Begin PBXNativeTarget section */
		424E9CB428BF7088002658BF /* FirebaseApp */ = {
			isa = PBXNativeTarget;
			buildConfigurationList = 424E9CC928BF7089002658BF /* Build configuration list for PBXNativeTarget "FirebaseApp" */;
			buildPhases = (
				361FF20FC0A769E27C313D6D /* [CP] Check Pods Manifest.lock */,
				424E9CB128BF7088002658BF /* Sources */,
				424E9CB228BF7088002658BF /* Frameworks */,
				424E9CB328BF7088002658BF /* Resources */,
				99E49A3EA9DCE99389A7A4E5 /* [CP] Embed Pods Frameworks */,
			);
			buildRules = (
			);
			dependencies = (
			);
			name = FirebaseApp;
			productName = FirebaseApp;
			productReference = 424E9CB528BF7088002658BF /* FirebaseApp.app */;
			productType = "com.apple.product-type.application";
		};
/* End PBXNativeTarget section */

/* Begin PBXProject section */
		424E9CAD28BF7088002658BF /* Project object */ = {
			isa = PBXProject;
			attributes = {
				BuildIndependentTargetsInParallel = 1;
				LastSwiftUpdateCheck = 1340;
				LastUpgradeCheck = 1340;
				TargetAttributes = {
					424E9CB428BF7088002658BF = {
						CreatedOnToolsVersion = 13.4.1;
					};
				};
			};
			buildConfigurationList = 424E9CB028BF7088002658BF /* Build configuration list for PBXProject "FirebaseApp" */;
			compatibilityVersion = "Xcode 13.0";
			developmentRegion = en;
			hasScannedForEncodings = 0;
			knownRegions = (
				en,
				Base,
			);
			mainGroup = 424E9CAC28BF7088002658BF;
			productRefGroup = 424E9CB628BF7088002658BF /* Products */;
			projectDirPath = "";
			projectRoot = "";
			targets = (
				424E9CB428BF7088002658BF /* FirebaseApp */,
			);
		};
/* End PBXProject section */

/* Begin PBXResourcesBuildPhase section */
		424E9CB328BF7088002658BF /* Resources */ = {
			isa = PBXResourcesBuildPhase;
			buildActionMask = 2147483647;
			files = (
				424E9CC528BF7089002658BF /* LaunchScreen.storyboard in Resources */,
				4248D67F28C61DF000FDBE4A /* GoogleService-Info.plist in Resources */,
				424E9CC228BF7089002658BF /* Assets.xcassets in Resources */,
				424E9CC028BF7088002658BF /* Main.storyboard in Resources */,
			);
			runOnlyForDeploymentPostprocessing = 0;
		};
/* End PBXResourcesBuildPhase section */

/* Begin PBXShellScriptBuildPhase section */
		361FF20FC0A769E27C313D6D /* [CP] Check Pods Manifest.lock */ = {
			isa = PBXShellScriptBuildPhase;
			buildActionMask = 2147483647;
			files = (
			);
			inputFileListPaths = (
			);
			inputPaths = (
				"${PODS_PODFILE_DIR_PATH}/Podfile.lock",
				"${PODS_ROOT}/Manifest.lock",
			);
			name = "[CP] Check Pods Manifest.lock";
			outputFileListPaths = (
			);
			outputPaths = (
				"$(DERIVED_FILE_DIR)/Pods-FirebaseApp-checkManifestLockResult.txt",
			);
			runOnlyForDeploymentPostprocessing = 0;
			shellPath = /bin/sh;
			shellScript = "diff \"${PODS_PODFILE_DIR_PATH}/Podfile.lock\" \"${PODS_ROOT}/Manifest.lock\" > /dev/null\nif [ $? != 0 ] ; then\n    # print error to STDERR\n    echo \"error: The sandbox is not in sync with the Podfile.lock. Run 'pod install' or update your CocoaPods installation.\" >&2\n    exit 1\nfi\n# This output is used by Xcode 'outputs' to avoid re-running this script phase.\necho \"SUCCESS\" > \"${SCRIPT_OUTPUT_FILE_0}\"\n";
			showEnvVarsInLog = 0;
		};
		99E49A3EA9DCE99389A7A4E5 /* [CP] Embed Pods Frameworks */ = {
			isa = PBXShellScriptBuildPhase;
			buildActionMask = 2147483647;
			files = (
			);
			inputFileListPaths = (
				"${PODS_ROOT}/Target Support Files/Pods-FirebaseApp/Pods-FirebaseApp-frameworks-${CONFIGURATION}-input-files.xcfilelist",
			);
			name = "[CP] Embed Pods Frameworks";
			outputFileListPaths = (
				"${PODS_ROOT}/Target Support Files/Pods-FirebaseApp/Pods-FirebaseApp-frameworks-${CONFIGURATION}-output-files.xcfilelist",
			);
			runOnlyForDeploymentPostprocessing = 0;
			shellPath = /bin/sh;
			shellScript = "\"${PODS_ROOT}/Target Support Files/Pods-FirebaseApp/Pods-FirebaseApp-frameworks.sh\"\n";
			showEnvVarsInLog = 0;
		};
/* End PBXShellScriptBuildPhase section */

/* Begin PBXSourcesBuildPhase section */
		424E9CB128BF7088002658BF /* Sources */ = {
			isa = PBXSourcesBuildPhase;
			buildActionMask = 2147483647;
			files = (
				424E9CBD28BF7088002658BF /* LoginVC.swift in Sources */,
				424E9CB928BF7088002658BF /* AppDelegate.swift in Sources */,
				4248D68128C6223D00FDBE4A /* TaskVC.swift in Sources */,
				425B371428C7333300EEA250 /* User.swift in Sources */,
				425B371628C7336100EEA250 /* Tasks.swift in Sources */,
				424E9CBB28BF7088002658BF /* SceneDelegate.swift in Sources */,
			);
			runOnlyForDeploymentPostprocessing = 0;
		};
/* End PBXSourcesBuildPhase section */

/* Begin PBXVariantGroup section */
		424E9CBE28BF7088002658BF /* Main.storyboard */ = {
			isa = PBXVariantGroup;
			children = (
				424E9CBF28BF7088002658BF /* Base */,
			);
			name = Main.storyboard;
			sourceTree = "<group>";
		};
		424E9CC328BF7089002658BF /* LaunchScreen.storyboard */ = {
			isa = PBXVariantGroup;
			children = (
				424E9CC428BF7089002658BF /* Base */,
			);
			name = LaunchScreen.storyboard;
			sourceTree = "<group>";
		};
/* End PBXVariantGroup section */

/* Begin XCBuildConfiguration section */
		424E9CC728BF7089002658BF /* Debug */ = {
			isa = XCBuildConfiguration;
			buildSettings = {
				ALWAYS_SEARCH_USER_PATHS = NO;
				CLANG_ANALYZER_NONNULL = YES;
				CLANG_ANALYZER_NUMBER_OBJECT_CONVERSION = YES_AGGRESSIVE;
				CLANG_CXX_LANGUAGE_STANDARD = "gnu++17";
				CLANG_ENABLE_MODULES = YES;
				CLANG_ENABLE_OBJC_ARC = YES;
				CLANG_ENABLE_OBJC_WEAK = YES;
				CLANG_WARN_BLOCK_CAPTURE_AUTORELEASING = YES;
				CLANG_WARN_BOOL_CONVERSION = YES;
				CLANG_WARN_COMMA = YES;
				CLANG_WARN_CONSTANT_CONVERSION = YES;
				CLANG_WARN_DEPRECATED_OBJC_IMPLEMENTATIONS = YES;
				CLANG_WARN_DIRECT_OBJC_ISA_USAGE = YES_ERROR;
				CLANG_WARN_DOCUMENTATION_COMMENTS = YES;
				CLANG_WARN_EMPTY_BODY = YES;
				CLANG_WARN_ENUM_CONVERSION = YES;
				CLANG_WARN_INFINITE_RECURSION = YES;
				CLANG_WARN_INT_CONVERSION = YES;
				CLANG_WARN_NON_LITERAL_NULL_CONVERSION = YES;
				CLANG_WARN_OBJC_IMPLICIT_RETAIN_SELF = YES;
				CLANG_WARN_OBJC_LITERAL_CONVERSION = YES;
				CLANG_WARN_OBJC_ROOT_CLASS = YES_ERROR;
				CLANG_WARN_QUOTED_INCLUDE_IN_FRAMEWORK_HEADER = YES;
				CLANG_WARN_RANGE_LOOP_ANALYSIS = YES;
				CLANG_WARN_STRICT_PROTOTYPES = YES;
				CLANG_WARN_SUSPICIOUS_MOVE = YES;
				CLANG_WARN_UNGUARDED_AVAILABILITY = YES_AGGRESSIVE;
				CLANG_WARN_UNREACHABLE_CODE = YES;
				CLANG_WARN__DUPLICATE_METHOD_MATCH = YES;
				COPY_PHASE_STRIP = NO;
				DEBUG_INFORMATION_FORMAT = dwarf;
				ENABLE_STRICT_OBJC_MSGSEND = YES;
				ENABLE_TESTABILITY = YES;
				GCC_C_LANGUAGE_STANDARD = gnu11;
				GCC_DYNAMIC_NO_PIC = NO;
				GCC_NO_COMMON_BLOCKS = YES;
				GCC_OPTIMIZATION_LEVEL = 0;
				GCC_PREPROCESSOR_DEFINITIONS = (
					"DEBUG=1",
					"$(inherited)",
				);
				GCC_WARN_64_TO_32_BIT_CONVERSION = YES;
				GCC_WARN_ABOUT_RETURN_TYPE = YES_ERROR;
				GCC_WARN_UNDECLARED_SELECTOR = YES;
				GCC_WARN_UNINITIALIZED_AUTOS = YES_AGGRESSIVE;
				GCC_WARN_UNUSED_FUNCTION = YES;
				GCC_WARN_UNUSED_VARIABLE = YES;
				IPHONEOS_DEPLOYMENT_TARGET = 15.5;
				MTL_ENABLE_DEBUG_INFO = INCLUDE_SOURCE;
				MTL_FAST_MATH = YES;
				ONLY_ACTIVE_ARCH = YES;
				SDKROOT = iphoneos;
				SWIFT_ACTIVE_COMPILATION_CONDITIONS = DEBUG;
				SWIFT_OPTIMIZATION_LEVEL = "-Onone";
			};
			name = Debug;
		};
		424E9CC828BF7089002658BF /* Release */ = {
			isa = XCBuildConfiguration;
			buildSettings = {
				ALWAYS_SEARCH_USER_PATHS = NO;
				CLANG_ANALYZER_NONNULL = YES;
				CLANG_ANALYZER_NUMBER_OBJECT_CONVERSION = YES_AGGRESSIVE;
				CLANG_CXX_LANGUAGE_STANDARD = "gnu++17";
				CLANG_ENABLE_MODULES = YES;
				CLANG_ENABLE_OBJC_ARC = YES;
				CLANG_ENABLE_OBJC_WEAK = YES;
				CLANG_WARN_BLOCK_CAPTURE_AUTORELEASING = YES;
				CLANG_WARN_BOOL_CONVERSION = YES;
				CLANG_WARN_COMMA = YES;
				CLANG_WARN_CONSTANT_CONVERSION = YES;
				CLANG_WARN_DEPRECATED_OBJC_IMPLEMENTATIONS = YES;
				CLANG_WARN_DIRECT_OBJC_ISA_USAGE = YES_ERROR;
				CLANG_WARN_DOCUMENTATION_COMMENTS = YES;
				CLANG_WARN_EMPTY_BODY = YES;
				CLANG_WARN_ENUM_CONVERSION = YES;
				CLANG_WARN_INFINITE_RECURSION = YES;
				CLANG_WARN_INT_CONVERSION = YES;
				CLANG_WARN_NON_LITERAL_NULL_CONVERSION = YES;
				CLANG_WARN_OBJC_IMPLICIT_RETAIN_SELF = YES;
				CLANG_WARN_OBJC_LITERAL_CONVERSION = YES;
				CLANG_WARN_OBJC_ROOT_CLASS = YES_ERROR;
				CLANG_WARN_QUOTED_INCLUDE_IN_FRAMEWORK_HEADER = YES;
				CLANG_WARN_RANGE_LOOP_ANALYSIS = YES;
				CLANG_WARN_STRICT_PROTOTYPES = YES;
				CLANG_WARN_SUSPICIOUS_MOVE = YES;
				CLANG_WARN_UNGUARDED_AVAILABILITY = YES_AGGRESSIVE;
				CLANG_WARN_UNREACHABLE_CODE = YES;
				CLANG_WARN__DUPLICATE_METHOD_MATCH = YES;
				COPY_PHASE_STRIP = NO;
				DEBUG_INFORMATION_FORMAT = "dwarf-with-dsym";
				ENABLE_NS_ASSERTIONS = NO;
				ENABLE_STRICT_OBJC_MSGSEND = YES;
				GCC_C_LANGUAGE_STANDARD = gnu11;
				GCC_NO_COMMON_BLOCKS = YES;
				GCC_WARN_64_TO_32_BIT_CONVERSION = YES;
				GCC_WARN_ABOUT_RETURN_TYPE = YES_ERROR;
				GCC_WARN_UNDECLARED_SELECTOR = YES;
				GCC_WARN_UNINITIALIZED_AUTOS = YES_AGGRESSIVE;
				GCC_WARN_UNUSED_FUNCTION = YES;
				GCC_WARN_UNUSED_VARIABLE = YES;
				IPHONEOS_DEPLOYMENT_TARGET = 15.5;
				MTL_ENABLE_DEBUG_INFO = NO;
				MTL_FAST_MATH = YES;
				SDKROOT = iphoneos;
				SWIFT_COMPILATION_MODE = wholemodule;
				SWIFT_OPTIMIZATION_LEVEL = "-O";
				VALIDATE_PRODUCT = YES;
			};
			name = Release;
		};
		424E9CCA28BF7089002658BF /* Debug */ = {
			isa = XCBuildConfiguration;
			baseConfigurationReference = D7F9E4E4F8858C4FEE17EB74 /* Pods-FirebaseApp.debug.xcconfig */;
			buildSettings = {
				ASSETCATALOG_COMPILER_APPICON_NAME = AppIcon;
				ASSETCATALOG_COMPILER_GLOBAL_ACCENT_COLOR_NAME = AccentColor;
				CODE_SIGN_STYLE = Automatic;
				CURRENT_PROJECT_VERSION = 1;
				DEVELOPMENT_TEAM = "";
				GENERATE_INFOPLIST_FILE = YES;
				INFOPLIST_FILE = FirebaseApp/Info.plist;
				INFOPLIST_KEY_UIApplicationSupportsIndirectInputEvents = YES;
				INFOPLIST_KEY_UILaunchStoryboardName = LaunchScreen;
				INFOPLIST_KEY_UIMainStoryboardFile = Main;
				INFOPLIST_KEY_UISupportedInterfaceOrientations_iPad = "UIInterfaceOrientationPortrait UIInterfaceOrientationPortraitUpsideDown UIInterfaceOrientationLandscapeLeft UIInterfaceOrientationLandscapeRight";
				INFOPLIST_KEY_UISupportedInterfaceOrientations_iPhone = "UIInterfaceOrientationPortrait UIInterfaceOrientationLandscapeLeft UIInterfaceOrientationLandscapeRight";
				LD_RUNPATH_SEARCH_PATHS = (
					"$(inherited)",
					"@executable_path/Frameworks",
				);
				MARKETING_VERSION = 1.0;
				PRODUCT_BUNDLE_IDENTIFIER = com.mrgsdev.FirebaseApp;
				PRODUCT_NAME = "$(TARGET_NAME)";
				SWIFT_EMIT_LOC_STRINGS = YES;
				SWIFT_VERSION = 5.0;
				TARGETED_DEVICE_FAMILY = "1,2";
			};
			name = Debug;
		};
		424E9CCB28BF7089002658BF /* Release */ = {
			isa = XCBuildConfiguration;
			baseConfigurationReference = 8449BF1DB6A6A7FE36E8161A /* Pods-FirebaseApp.release.xcconfig */;
			buildSettings = {
				ASSETCATALOG_COMPILER_APPICON_NAME = AppIcon;
				ASSETCATALOG_COMPILER_GLOBAL_ACCENT_COLOR_NAME = AccentColor;
				CODE_SIGN_STYLE = Automatic;
				CURRENT_PROJECT_VERSION = 1;
				DEVELOPMENT_TEAM = "";
				GENERATE_INFOPLIST_FILE = YES;
				INFOPLIST_FILE = FirebaseApp/Info.plist;
				INFOPLIST_KEY_UIApplicationSupportsIndirectInputEvents = YES;
				INFOPLIST_KEY_UILaunchStoryboardName = LaunchScreen;
				INFOPLIST_KEY_UIMainStoryboardFile = Main;
				INFOPLIST_KEY_UISupportedInterfaceOrientations_iPad = "UIInterfaceOrientationPortrait UIInterfaceOrientationPortraitUpsideDown UIInterfaceOrientationLandscapeLeft UIInterfaceOrientationLandscapeRight";
				INFOPLIST_KEY_UISupportedInterfaceOrientations_iPhone = "UIInterfaceOrientationPortrait UIInterfaceOrientationLandscapeLeft UIInterfaceOrientationLandscapeRight";
				LD_RUNPATH_SEARCH_PATHS = (
					"$(inherited)",
					"@executable_path/Frameworks",
				);
				MARKETING_VERSION = 1.0;
				PRODUCT_BUNDLE_IDENTIFIER = com.mrgsdev.FirebaseApp;
				PRODUCT_NAME = "$(TARGET_NAME)";
				SWIFT_EMIT_LOC_STRINGS = YES;
				SWIFT_VERSION = 5.0;
				TARGETED_DEVICE_FAMILY = "1,2";
			};
			name = Release;
		};
/* End XCBuildConfiguration section */

/* Begin XCConfigurationList section */
		424E9CB028BF7088002658BF /* Build configuration list for PBXProject "FirebaseApp" */ = {
			isa = XCConfigurationList;
			buildConfigurations = (
				424E9CC728BF7089002658BF /* Debug */,
				424E9CC828BF7089002658BF /* Release */,
			);
			defaultConfigurationIsVisible = 0;
			defaultConfigurationName = Release;
		};
		424E9CC928BF7089002658BF /* Build configuration list for PBXNativeTarget "FirebaseApp" */ = {
			isa = XCConfigurationList;
			buildConfigurations = (
				424E9CCA28BF7089002658BF /* Debug */,
				424E9CCB28BF7089002658BF /* Release */,
			);
			defaultConfigurationIsVisible = 0;
			defaultConfigurationName = Release;
		};
/* End XCConfigurationList section */
	};
	rootObject = 424E9CAD28BF7088002658BF /* Project object */;
}
