// !$*UTF8*$!
{
	archiveVersion = 1;
	classes = {
	};
	objectVersion = 56;
	objects = {

/* Begin PBXBuildFile section */
		422167992940A2EE00FFDD13 /* ButtonFormView.swift in Sources */ = {isa = PBXBuildFile; fileRef = 422167982940A2EE00FFDD13 /* ButtonFormView.swift */; };
		4221679B2940A34F00FFDD13 /* StackView + Entension.swift in Sources */ = {isa = PBXBuildFile; fileRef = 4221679A2940A34F00FFDD13 /* StackView + Entension.swift */; };
		4221679D2940A3FD00FFDD13 /* SignUpViewController.swift in Sources */ = {isa = PBXBuildFile; fileRef = 4221679C2940A3FD00FFDD13 /* SignUpViewController.swift */; };
		4221679F2940A44300FFDD13 /* OneLineTextField.swift in Sources */ = {isa = PBXBuildFile; fileRef = 4221679E2940A44300FFDD13 /* OneLineTextField.swift */; };
		42305F0D2908007200D90B8C /* AppDelegate.swift in Sources */ = {isa = PBXBuildFile; fileRef = 42305F0C2908007200D90B8C /* AppDelegate.swift */; };
		42305F0F2908007200D90B8C /* SceneDelegate.swift in Sources */ = {isa = PBXBuildFile; fileRef = 42305F0E2908007200D90B8C /* SceneDelegate.swift */; };
		42305F112908007200D90B8C /* AuthViewController.swift in Sources */ = {isa = PBXBuildFile; fileRef = 42305F102908007200D90B8C /* AuthViewController.swift */; };
		42305F162908007300D90B8C /* Assets.xcassets in Resources */ = {isa = PBXBuildFile; fileRef = 42305F152908007300D90B8C /* Assets.xcassets */; };
		42305F192908007300D90B8C /* LaunchScreen.storyboard in Resources */ = {isa = PBXBuildFile; fileRef = 42305F172908007300D90B8C /* LaunchScreen.storyboard */; };
		4270A3B4293FEEF700E05DCD /* UIButton + Extension.swift in Sources */ = {isa = PBXBuildFile; fileRef = 4270A3B3293FEEF700E05DCD /* UIButton + Extension.swift */; };
		4270A3B6293FEF1200E05DCD /* UIFont + Extension.swift in Sources */ = {isa = PBXBuildFile; fileRef = 4270A3B5293FEF1200E05DCD /* UIFont + Extension.swift */; };
		4270A3B8293FEF2B00E05DCD /* UIColor + Extension.swift in Sources */ = {isa = PBXBuildFile; fileRef = 4270A3B7293FEF2B00E05DCD /* UIColor + Extension.swift */; };
		4270A3BB293FEF3F00E05DCD /* UIImageView + Extension.swift in Sources */ = {isa = PBXBuildFile; fileRef = 4270A3BA293FEF3F00E05DCD /* UIImageView + Extension.swift */; };
		4270A3BD293FEF5600E05DCD /* Label + Extension.swift in Sources */ = {isa = PBXBuildFile; fileRef = 4270A3BC293FEF5600E05DCD /* Label + Extension.swift */; };
/* End PBXBuildFile section */

/* Begin PBXFileReference section */
		422167982940A2EE00FFDD13 /* ButtonFormView.swift */ = {isa = PBXFileReference; lastKnownFileType = sourcecode.swift; path = ButtonFormView.swift; sourceTree = "<group>"; };
		4221679A2940A34F00FFDD13 /* StackView + Entension.swift */ = {isa = PBXFileReference; lastKnownFileType = sourcecode.swift; path = "StackView + Entension.swift"; sourceTree = "<group>"; };
		4221679C2940A3FD00FFDD13 /* SignUpViewController.swift */ = {isa = PBXFileReference; lastKnownFileType = sourcecode.swift; path = SignUpViewController.swift; sourceTree = "<group>"; };
		4221679E2940A44300FFDD13 /* OneLineTextField.swift */ = {isa = PBXFileReference; lastKnownFileType = sourcecode.swift; path = OneLineTextField.swift; sourceTree = "<group>"; };
		42305F092908007200D90B8C /* Chat.app */ = {isa = PBXFileReference; explicitFileType = wrapper.application; includeInIndex = 0; path = Chat.app; sourceTree = BUILT_PRODUCTS_DIR; };
		42305F0C2908007200D90B8C /* AppDelegate.swift */ = {isa = PBXFileReference; lastKnownFileType = sourcecode.swift; path = AppDelegate.swift; sourceTree = "<group>"; };
		42305F0E2908007200D90B8C /* SceneDelegate.swift */ = {isa = PBXFileReference; lastKnownFileType = sourcecode.swift; path = SceneDelegate.swift; sourceTree = "<group>"; };
		42305F102908007200D90B8C /* AuthViewController.swift */ = {isa = PBXFileReference; lastKnownFileType = sourcecode.swift; path = AuthViewController.swift; sourceTree = "<group>"; };
		42305F152908007300D90B8C /* Assets.xcassets */ = {isa = PBXFileReference; lastKnownFileType = folder.assetcatalog; path = Assets.xcassets; sourceTree = "<group>"; };
		42305F182908007300D90B8C /* Base */ = {isa = PBXFileReference; lastKnownFileType = file.storyboard; name = Base; path = Base.lproj/LaunchScreen.storyboard; sourceTree = "<group>"; };
		42305F1A2908007300D90B8C /* Info.plist */ = {isa = PBXFileReference; lastKnownFileType = text.plist.xml; path = Info.plist; sourceTree = "<group>"; };
		4270A3B3293FEEF700E05DCD /* UIButton + Extension.swift */ = {isa = PBXFileReference; lastKnownFileType = sourcecode.swift; path = "UIButton + Extension.swift"; sourceTree = "<group>"; };
		4270A3B5293FEF1200E05DCD /* UIFont + Extension.swift */ = {isa = PBXFileReference; lastKnownFileType = sourcecode.swift; path = "UIFont + Extension.swift"; sourceTree = "<group>"; };
		4270A3B7293FEF2B00E05DCD /* UIColor + Extension.swift */ = {isa = PBXFileReference; lastKnownFileType = sourcecode.swift; path = "UIColor + Extension.swift"; sourceTree = "<group>"; };
		4270A3BA293FEF3F00E05DCD /* UIImageView + Extension.swift */ = {isa = PBXFileReference; lastKnownFileType = sourcecode.swift; path = "UIImageView + Extension.swift"; sourceTree = "<group>"; };
		4270A3BC293FEF5600E05DCD /* Label + Extension.swift */ = {isa = PBXFileReference; lastKnownFileType = sourcecode.swift; path = "Label + Extension.swift"; sourceTree = "<group>"; };
/* End PBXFileReference section */

/* Begin PBXFrameworksBuildPhase section */
		42305F062908007200D90B8C /* Frameworks */ = {
			isa = PBXFrameworksBuildPhase;
			buildActionMask = 2147483647;
			files = (
			);
			runOnlyForDeploymentPostprocessing = 0;
		};
/* End PBXFrameworksBuildPhase section */

/* Begin PBXGroup section */
		42305F002908007200D90B8C = {
			isa = PBXGroup;
			children = (
				42305F0B2908007200D90B8C /* Chat */,
				42305F0A2908007200D90B8C /* Products */,
			);
			sourceTree = "<group>";
		};
		42305F0A2908007200D90B8C /* Products */ = {
			isa = PBXGroup;
			children = (
				42305F092908007200D90B8C /* Chat.app */,
			);
			name = Products;
			sourceTree = "<group>";
		};
		42305F0B2908007200D90B8C /* Chat */ = {
			isa = PBXGroup;
			children = (
				4270A3B2293FEDFB00E05DCD /* Extension */,
				42305F0C2908007200D90B8C /* AppDelegate.swift */,
				42305F0E2908007200D90B8C /* SceneDelegate.swift */,
				42305F102908007200D90B8C /* AuthViewController.swift */,
				42305F152908007300D90B8C /* Assets.xcassets */,
				42305F172908007300D90B8C /* LaunchScreen.storyboard */,
				42305F1A2908007300D90B8C /* Info.plist */,
				4221679C2940A3FD00FFDD13 /* SignUpViewController.swift */,
			);
			path = Chat;
			sourceTree = "<group>";
		};
		4270A3B2293FEDFB00E05DCD /* Extension */ = {
			isa = PBXGroup;
			children = (
				4270A3B3293FEEF700E05DCD /* UIButton + Extension.swift */,
				4270A3B5293FEF1200E05DCD /* UIFont + Extension.swift */,
				4270A3B7293FEF2B00E05DCD /* UIColor + Extension.swift */,
				4270A3BA293FEF3F00E05DCD /* UIImageView + Extension.swift */,
				4270A3BC293FEF5600E05DCD /* Label + Extension.swift */,
				422167982940A2EE00FFDD13 /* ButtonFormView.swift */,
				4221679A2940A34F00FFDD13 /* StackView + Entension.swift */,
				4221679E2940A44300FFDD13 /* OneLineTextField.swift */,
			);
			path = Extension;
			sourceTree = "<group>";
		};
/* End PBXGroup section */

/* Begin PBXNativeTarget section */
		42305F082908007200D90B8C /* Chat */ = {
			isa = PBXNativeTarget;
			buildConfigurationList = 42305F1D2908007300D90B8C /* Build configuration list for PBXNativeTarget "Chat" */;
			buildPhases = (
				42305F052908007200D90B8C /* Sources */,
				42305F062908007200D90B8C /* Frameworks */,
				42305F072908007200D90B8C /* Resources */,
			);
			buildRules = (
			);
			dependencies = (
			);
			name = Chat;
			productName = Chat;
			productReference = 42305F092908007200D90B8C /* Chat.app */;
			productType = "com.apple.product-type.application";
		};
/* End PBXNativeTarget section */

/* Begin PBXProject section */
		42305F012908007200D90B8C /* Project object */ = {
			isa = PBXProject;
			attributes = {
				BuildIndependentTargetsInParallel = 1;
				LastSwiftUpdateCheck = 1400;
				LastUpgradeCheck = 1400;
				TargetAttributes = {
					42305F082908007200D90B8C = {
						CreatedOnToolsVersion = 14.0.1;
					};
				};
			};
			buildConfigurationList = 42305F042908007200D90B8C /* Build configuration list for PBXProject "Chat" */;
			compatibilityVersion = "Xcode 14.0";
			developmentRegion = en;
			hasScannedForEncodings = 0;
			knownRegions = (
				en,
				Base,
			);
			mainGroup = 42305F002908007200D90B8C;
			productRefGroup = 42305F0A2908007200D90B8C /* Products */;
			projectDirPath = "";
			projectRoot = "";
			targets = (
				42305F082908007200D90B8C /* Chat */,
			);
		};
/* End PBXProject section */

/* Begin PBXResourcesBuildPhase section */
		42305F072908007200D90B8C /* Resources */ = {
			isa = PBXResourcesBuildPhase;
			buildActionMask = 2147483647;
			files = (
				42305F192908007300D90B8C /* LaunchScreen.storyboard in Resources */,
				42305F162908007300D90B8C /* Assets.xcassets in Resources */,
			);
			runOnlyForDeploymentPostprocessing = 0;
		};
/* End PBXResourcesBuildPhase section */

/* Begin PBXSourcesBuildPhase section */
		42305F052908007200D90B8C /* Sources */ = {
			isa = PBXSourcesBuildPhase;
			buildActionMask = 2147483647;
			files = (
				4221679F2940A44300FFDD13 /* OneLineTextField.swift in Sources */,
				4221679D2940A3FD00FFDD13 /* SignUpViewController.swift in Sources */,
				4270A3B6293FEF1200E05DCD /* UIFont + Extension.swift in Sources */,
				42305F112908007200D90B8C /* AuthViewController.swift in Sources */,
				4270A3BD293FEF5600E05DCD /* Label + Extension.swift in Sources */,
				422167992940A2EE00FFDD13 /* ButtonFormView.swift in Sources */,
				4270A3BB293FEF3F00E05DCD /* UIImageView + Extension.swift in Sources */,
				42305F0D2908007200D90B8C /* AppDelegate.swift in Sources */,
				4270A3B8293FEF2B00E05DCD /* UIColor + Extension.swift in Sources */,
				4221679B2940A34F00FFDD13 /* StackView + Entension.swift in Sources */,
				42305F0F2908007200D90B8C /* SceneDelegate.swift in Sources */,
				4270A3B4293FEEF700E05DCD /* UIButton + Extension.swift in Sources */,
			);
			runOnlyForDeploymentPostprocessing = 0;
		};
/* End PBXSourcesBuildPhase section */

/* Begin PBXVariantGroup section */
		42305F172908007300D90B8C /* LaunchScreen.storyboard */ = {
			isa = PBXVariantGroup;
			children = (
				42305F182908007300D90B8C /* Base */,
			);
			name = LaunchScreen.storyboard;
			sourceTree = "<group>";
		};
/* End PBXVariantGroup section */

/* Begin XCBuildConfiguration section */
		42305F1B2908007300D90B8C /* Debug */ = {
			isa = XCBuildConfiguration;
			buildSettings = {
				ALWAYS_SEARCH_USER_PATHS = NO;
				CLANG_ANALYZER_NONNULL = YES;
				CLANG_ANALYZER_NUMBER_OBJECT_CONVERSION = YES_AGGRESSIVE;
				CLANG_CXX_LANGUAGE_STANDARD = "gnu++20";
				CLANG_ENABLE_MODULES = YES;
				CLANG_ENABLE_OBJC_ARC = YES;
				CLANG_ENABLE_OBJC_WEAK = YES;
				CLANG_WARN_BLOCK_CAPTURE_AUTORELEASING = YES;
				CLANG_WARN_BOOL_CONVERSION = YES;
				CLANG_WARN_COMMA = YES;
				CLANG_WARN_CONSTANT_CONVERSION = YES;
				CLANG_WARN_DEPRECATED_OBJC_IMPLEMENTATIONS = YES;
				CLANG_WARN_DIRECT_OBJC_ISA_USAGE = YES_ERROR;
				CLANG_WARN_DOCUMENTATION_COMMENTS = YES;
				CLANG_WARN_EMPTY_BODY = YES;
				CLANG_WARN_ENUM_CONVERSION = YES;
				CLANG_WARN_INFINITE_RECURSION = YES;
				CLANG_WARN_INT_CONVERSION = YES;
				CLANG_WARN_NON_LITERAL_NULL_CONVERSION = YES;
				CLANG_WARN_OBJC_IMPLICIT_RETAIN_SELF = YES;
				CLANG_WARN_OBJC_LITERAL_CONVERSION = YES;
				CLANG_WARN_OBJC_ROOT_CLASS = YES_ERROR;
				CLANG_WARN_QUOTED_INCLUDE_IN_FRAMEWORK_HEADER = YES;
				CLANG_WARN_RANGE_LOOP_ANALYSIS = YES;
				CLANG_WARN_STRICT_PROTOTYPES = YES;
				CLANG_WARN_SUSPICIOUS_MOVE = YES;
				CLANG_WARN_UNGUARDED_AVAILABILITY = YES_AGGRESSIVE;
				CLANG_WARN_UNREACHABLE_CODE = YES;
				CLANG_WARN__DUPLICATE_METHOD_MATCH = YES;
				COPY_PHASE_STRIP = NO;
				DEBUG_INFORMATION_FORMAT = dwarf;
				ENABLE_STRICT_OBJC_MSGSEND = YES;
				ENABLE_TESTABILITY = YES;
				GCC_C_LANGUAGE_STANDARD = gnu11;
				GCC_DYNAMIC_NO_PIC = NO;
				GCC_NO_COMMON_BLOCKS = YES;
				GCC_OPTIMIZATION_LEVEL = 0;
				GCC_PREPROCESSOR_DEFINITIONS = (
					"DEBUG=1",
					"$(inherited)",
				);
				GCC_WARN_64_TO_32_BIT_CONVERSION = YES;
				GCC_WARN_ABOUT_RETURN_TYPE = YES_ERROR;
				GCC_WARN_UNDECLARED_SELECTOR = YES;
				GCC_WARN_UNINITIALIZED_AUTOS = YES_AGGRESSIVE;
				GCC_WARN_UNUSED_FUNCTION = YES;
				GCC_WARN_UNUSED_VARIABLE = YES;
				IPHONEOS_DEPLOYMENT_TARGET = 16.0;
				MTL_ENABLE_DEBUG_INFO = INCLUDE_SOURCE;
				MTL_FAST_MATH = YES;
				ONLY_ACTIVE_ARCH = YES;
				SDKROOT = iphoneos;
				SWIFT_ACTIVE_COMPILATION_CONDITIONS = DEBUG;
				SWIFT_OPTIMIZATION_LEVEL = "-Onone";
			};
			name = Debug;
		};
		42305F1C2908007300D90B8C /* Release */ = {
			isa = XCBuildConfiguration;
			buildSettings = {
				ALWAYS_SEARCH_USER_PATHS = NO;
				CLANG_ANALYZER_NONNULL = YES;
				CLANG_ANALYZER_NUMBER_OBJECT_CONVERSION = YES_AGGRESSIVE;
				CLANG_CXX_LANGUAGE_STANDARD = "gnu++20";
				CLANG_ENABLE_MODULES = YES;
				CLANG_ENABLE_OBJC_ARC = YES;
				CLANG_ENABLE_OBJC_WEAK = YES;
				CLANG_WARN_BLOCK_CAPTURE_AUTORELEASING = YES;
				CLANG_WARN_BOOL_CONVERSION = YES;
				CLANG_WARN_COMMA = YES;
				CLANG_WARN_CONSTANT_CONVERSION = YES;
				CLANG_WARN_DEPRECATED_OBJC_IMPLEMENTATIONS = YES;
				CLANG_WARN_DIRECT_OBJC_ISA_USAGE = YES_ERROR;
				CLANG_WARN_DOCUMENTATION_COMMENTS = YES;
				CLANG_WARN_EMPTY_BODY = YES;
				CLANG_WARN_ENUM_CONVERSION = YES;
				CLANG_WARN_INFINITE_RECURSION = YES;
				CLANG_WARN_INT_CONVERSION = YES;
				CLANG_WARN_NON_LITERAL_NULL_CONVERSION = YES;
				CLANG_WARN_OBJC_IMPLICIT_RETAIN_SELF = YES;
				CLANG_WARN_OBJC_LITERAL_CONVERSION = YES;
				CLANG_WARN_OBJC_ROOT_CLASS = YES_ERROR;
				CLANG_WARN_QUOTED_INCLUDE_IN_FRAMEWORK_HEADER = YES;
				CLANG_WARN_RANGE_LOOP_ANALYSIS = YES;
				CLANG_WARN_STRICT_PROTOTYPES = YES;
				CLANG_WARN_SUSPICIOUS_MOVE = YES;
				CLANG_WARN_UNGUARDED_AVAILABILITY = YES_AGGRESSIVE;
				CLANG_WARN_UNREACHABLE_CODE = YES;
				CLANG_WARN__DUPLICATE_METHOD_MATCH = YES;
				COPY_PHASE_STRIP = NO;
				DEBUG_INFORMATION_FORMAT = "dwarf-with-dsym";
				ENABLE_NS_ASSERTIONS = NO;
				ENABLE_STRICT_OBJC_MSGSEND = YES;
				GCC_C_LANGUAGE_STANDARD = gnu11;
				GCC_NO_COMMON_BLOCKS = YES;
				GCC_WARN_64_TO_32_BIT_CONVERSION = YES;
				GCC_WARN_ABOUT_RETURN_TYPE = YES_ERROR;
				GCC_WARN_UNDECLARED_SELECTOR = YES;
				GCC_WARN_UNINITIALIZED_AUTOS = YES_AGGRESSIVE;
				GCC_WARN_UNUSED_FUNCTION = YES;
				GCC_WARN_UNUSED_VARIABLE = YES;
				IPHONEOS_DEPLOYMENT_TARGET = 16.0;
				MTL_ENABLE_DEBUG_INFO = NO;
				MTL_FAST_MATH = YES;
				SDKROOT = iphoneos;
				SWIFT_COMPILATION_MODE = wholemodule;
				SWIFT_OPTIMIZATION_LEVEL = "-O";
				VALIDATE_PRODUCT = YES;
			};
			name = Release;
		};
		42305F1E2908007300D90B8C /* Debug */ = {
			isa = XCBuildConfiguration;
			buildSettings = {
				ASSETCATALOG_COMPILER_APPICON_NAME = AppIcon;
				ASSETCATALOG_COMPILER_GLOBAL_ACCENT_COLOR_NAME = AccentColor;
				CODE_SIGN_STYLE = Automatic;
				CURRENT_PROJECT_VERSION = 1;
				DEVELOPMENT_TEAM = "";
				GENERATE_INFOPLIST_FILE = YES;
				INFOPLIST_FILE = Chat/Info.plist;
				INFOPLIST_KEY_UIApplicationSupportsIndirectInputEvents = YES;
				INFOPLIST_KEY_UILaunchStoryboardName = LaunchScreen;
				INFOPLIST_KEY_UISupportedInterfaceOrientations_iPad = "UIInterfaceOrientationPortrait UIInterfaceOrientationPortraitUpsideDown UIInterfaceOrientationLandscapeLeft UIInterfaceOrientationLandscapeRight";
				INFOPLIST_KEY_UISupportedInterfaceOrientations_iPhone = "UIInterfaceOrientationPortrait UIInterfaceOrientationLandscapeLeft UIInterfaceOrientationLandscapeRight";
				IPHONEOS_DEPLOYMENT_TARGET = 14.0;
				LD_RUNPATH_SEARCH_PATHS = (
					"$(inherited)",
					"@executable_path/Frameworks",
				);
				MARKETING_VERSION = 1.0;
				PRODUCT_BUNDLE_IDENTIFIER = com.mrgsdev.Chat;
				PRODUCT_NAME = "$(TARGET_NAME)";
				SWIFT_EMIT_LOC_STRINGS = YES;
				SWIFT_VERSION = 5.0;
				TARGETED_DEVICE_FAMILY = "1,2";
			};
			name = Debug;
		};
		42305F1F2908007300D90B8C /* Release */ = {
			isa = XCBuildConfiguration;
			buildSettings = {
				ASSETCATALOG_COMPILER_APPICON_NAME = AppIcon;
				ASSETCATALOG_COMPILER_GLOBAL_ACCENT_COLOR_NAME = AccentColor;
				CODE_SIGN_STYLE = Automatic;
				CURRENT_PROJECT_VERSION = 1;
				DEVELOPMENT_TEAM = "";
				GENERATE_INFOPLIST_FILE = YES;
				INFOPLIST_FILE = Chat/Info.plist;
				INFOPLIST_KEY_UIApplicationSupportsIndirectInputEvents = YES;
				INFOPLIST_KEY_UILaunchStoryboardName = LaunchScreen;
				INFOPLIST_KEY_UISupportedInterfaceOrientations_iPad = "UIInterfaceOrientationPortrait UIInterfaceOrientationPortraitUpsideDown UIInterfaceOrientationLandscapeLeft UIInterfaceOrientationLandscapeRight";
				INFOPLIST_KEY_UISupportedInterfaceOrientations_iPhone = "UIInterfaceOrientationPortrait UIInterfaceOrientationLandscapeLeft UIInterfaceOrientationLandscapeRight";
				IPHONEOS_DEPLOYMENT_TARGET = 14.0;
				LD_RUNPATH_SEARCH_PATHS = (
					"$(inherited)",
					"@executable_path/Frameworks",
				);
				MARKETING_VERSION = 1.0;
				PRODUCT_BUNDLE_IDENTIFIER = com.mrgsdev.Chat;
				PRODUCT_NAME = "$(TARGET_NAME)";
				SWIFT_EMIT_LOC_STRINGS = YES;
				SWIFT_VERSION = 5.0;
				TARGETED_DEVICE_FAMILY = "1,2";
			};
			name = Release;
		};
/* End XCBuildConfiguration section */

/* Begin XCConfigurationList section */
		42305F042908007200D90B8C /* Build configuration list for PBXProject "Chat" */ = {
			isa = XCConfigurationList;
			buildConfigurations = (
				42305F1B2908007300D90B8C /* Debug */,
				42305F1C2908007300D90B8C /* Release */,
			);
			defaultConfigurationIsVisible = 0;
			defaultConfigurationName = Release;
		};
		42305F1D2908007300D90B8C /* Build configuration list for PBXNativeTarget "Chat" */ = {
			isa = XCConfigurationList;
			buildConfigurations = (
				42305F1E2908007300D90B8C /* Debug */,
				42305F1F2908007300D90B8C /* Release */,
			);
			defaultConfigurationIsVisible = 0;
			defaultConfigurationName = Release;
		};
/* End XCConfigurationList section */
	};
	rootObject = 42305F012908007200D90B8C /* Project object */;
}
